// !$*UTF8*$!
{
	archiveVersion = 1;
	classes = {
	};
	objectVersion = 56;
	objects = {

/* Begin PBXBuildFile section */
		CE3A9B1D29521740009A773F /* BH_ScreenerApp.swift in Sources */ = {isa = PBXBuildFile; fileRef = CE3A9B1C29521740009A773F /* BH_ScreenerApp.swift */; };
		CE3A9B1F29521740009A773F /* CESDCView.swift in Sources */ = {isa = PBXBuildFile; fileRef = CE3A9B1E29521740009A773F /* CESDCView.swift */; };
		CE3A9B2129521742009A773F /* Assets.xcassets in Resources */ = {isa = PBXBuildFile; fileRef = CE3A9B2029521742009A773F /* Assets.xcassets */; };
		CE3A9B2429521742009A773F /* Preview Assets.xcassets in Resources */ = {isa = PBXBuildFile; fileRef = CE3A9B2329521742009A773F /* Preview Assets.xcassets */; };
		CE56123F297032270074822B /* PrimaryButton.swift in Sources */ = {isa = PBXBuildFile; fileRef = CE56123E297032270074822B /* PrimaryButton.swift */; };
		CE561242297036430074822B /* Extensions.swift in Sources */ = {isa = PBXBuildFile; fileRef = CE561241297036430074822B /* Extensions.swift */; };
		CE561244297037360074822B /* QuestionView.swift in Sources */ = {isa = PBXBuildFile; fileRef = CE561243297037360074822B /* QuestionView.swift */; };
		CE5612462970383B0074822B /* ProgressBar.swift in Sources */ = {isa = PBXBuildFile; fileRef = CE5612452970383B0074822B /* ProgressBar.swift */; };
		CE56124929703AE90074822B /* Answer.swift in Sources */ = {isa = PBXBuildFile; fileRef = CE56124829703AE90074822B /* Answer.swift */; };
		CE56124B29703B200074822B /* AnswerRow.swift in Sources */ = {isa = PBXBuildFile; fileRef = CE56124A29703B200074822B /* AnswerRow.swift */; };
		CE56124D29703EAC0074822B /* ScreeningView.swift in Sources */ = {isa = PBXBuildFile; fileRef = CE56124C29703EAC0074822B /* ScreeningView.swift */; };
		CE56124F29703FFF0074822B /* CESDCScreening.swift in Sources */ = {isa = PBXBuildFile; fileRef = CE56124E29703FFF0074822B /* CESDCScreening.swift */; };
		CE5612512970413C0074822B /* CESDCQuestions.swift in Sources */ = {isa = PBXBuildFile; fileRef = CE5612502970413C0074822B /* CESDCQuestions.swift */; };
		CE561253297046700074822B /* ScreeningManager.swift in Sources */ = {isa = PBXBuildFile; fileRef = CE561252297046700074822B /* ScreeningManager.swift */; };
		CE5612562971F34D0074822B /* screeningContainer.xcdatamodeld in Sources */ = {isa = PBXBuildFile; fileRef = CE5612542971F34D0074822B /* screeningContainer.xcdatamodeld */; };
		CE56125C2972C7580074822B /* ResultsList.swift in Sources */ = {isa = PBXBuildFile; fileRef = CE56125B2972C7580074822B /* ResultsList.swift */; };
		CE56125E2972D7970074822B /* ChartView.swift in Sources */ = {isa = PBXBuildFile; fileRef = CE56125D2972D7970074822B /* ChartView.swift */; };
		CE5612602972EAC90074822B /* ResultRowView.swift in Sources */ = {isa = PBXBuildFile; fileRef = CE56125F2972EAC90074822B /* ResultRowView.swift */; };
		CE5612622972EEB50074822B /* DisclaimerView.swift in Sources */ = {isa = PBXBuildFile; fileRef = CE5612612972EEB50074822B /* DisclaimerView.swift */; };
/* End PBXBuildFile section */

/* Begin PBXFileReference section */
		CE3A9B1929521740009A773F /* BH Screener.app */ = {isa = PBXFileReference; explicitFileType = wrapper.application; includeInIndex = 0; path = "BH Screener.app"; sourceTree = BUILT_PRODUCTS_DIR; };
		CE3A9B1C29521740009A773F /* BH_ScreenerApp.swift */ = {isa = PBXFileReference; lastKnownFileType = sourcecode.swift; path = BH_ScreenerApp.swift; sourceTree = "<group>"; };
		CE3A9B1E29521740009A773F /* CESDCView.swift */ = {isa = PBXFileReference; lastKnownFileType = sourcecode.swift; path = CESDCView.swift; sourceTree = "<group>"; };
		CE3A9B2029521742009A773F /* Assets.xcassets */ = {isa = PBXFileReference; lastKnownFileType = folder.assetcatalog; path = Assets.xcassets; sourceTree = "<group>"; };
		CE3A9B2329521742009A773F /* Preview Assets.xcassets */ = {isa = PBXFileReference; lastKnownFileType = folder.assetcatalog; path = "Preview Assets.xcassets"; sourceTree = "<group>"; };
		CE56123E297032270074822B /* PrimaryButton.swift */ = {isa = PBXFileReference; lastKnownFileType = sourcecode.swift; path = PrimaryButton.swift; sourceTree = "<group>"; };
		CE561241297036430074822B /* Extensions.swift */ = {isa = PBXFileReference; lastKnownFileType = sourcecode.swift; path = Extensions.swift; sourceTree = "<group>"; };
		CE561243297037360074822B /* QuestionView.swift */ = {isa = PBXFileReference; lastKnownFileType = sourcecode.swift; path = QuestionView.swift; sourceTree = "<group>"; };
		CE5612452970383B0074822B /* ProgressBar.swift */ = {isa = PBXFileReference; lastKnownFileType = sourcecode.swift; path = ProgressBar.swift; sourceTree = "<group>"; };
		CE56124829703AE90074822B /* Answer.swift */ = {isa = PBXFileReference; lastKnownFileType = sourcecode.swift; path = Answer.swift; sourceTree = "<group>"; };
		CE56124A29703B200074822B /* AnswerRow.swift */ = {isa = PBXFileReference; lastKnownFileType = sourcecode.swift; path = AnswerRow.swift; sourceTree = "<group>"; };
		CE56124C29703EAC0074822B /* ScreeningView.swift */ = {isa = PBXFileReference; lastKnownFileType = sourcecode.swift; path = ScreeningView.swift; sourceTree = "<group>"; };
		CE56124E29703FFF0074822B /* CESDCScreening.swift */ = {isa = PBXFileReference; lastKnownFileType = sourcecode.swift; path = CESDCScreening.swift; sourceTree = "<group>"; };
		CE5612502970413C0074822B /* CESDCQuestions.swift */ = {isa = PBXFileReference; lastKnownFileType = sourcecode.swift; path = CESDCQuestions.swift; sourceTree = "<group>"; };
		CE561252297046700074822B /* ScreeningManager.swift */ = {isa = PBXFileReference; lastKnownFileType = sourcecode.swift; path = ScreeningManager.swift; sourceTree = "<group>"; };
		CE5612552971F34D0074822B /* screeningContainer.xcdatamodel */ = {isa = PBXFileReference; lastKnownFileType = wrapper.xcdatamodel; path = screeningContainer.xcdatamodel; sourceTree = "<group>"; };
		CE56125B2972C7580074822B /* ResultsList.swift */ = {isa = PBXFileReference; lastKnownFileType = sourcecode.swift; path = ResultsList.swift; sourceTree = "<group>"; };
		CE56125D2972D7970074822B /* ChartView.swift */ = {isa = PBXFileReference; lastKnownFileType = sourcecode.swift; path = ChartView.swift; sourceTree = "<group>"; };
		CE56125F2972EAC90074822B /* ResultRowView.swift */ = {isa = PBXFileReference; lastKnownFileType = sourcecode.swift; path = ResultRowView.swift; sourceTree = "<group>"; };
		CE5612612972EEB50074822B /* DisclaimerView.swift */ = {isa = PBXFileReference; lastKnownFileType = sourcecode.swift; path = DisclaimerView.swift; sourceTree = "<group>"; };
/* End PBXFileReference section */

/* Begin PBXFrameworksBuildPhase section */
		CE3A9B1629521740009A773F /* Frameworks */ = {
			isa = PBXFrameworksBuildPhase;
			buildActionMask = 2147483647;
			files = (
			);
			runOnlyForDeploymentPostprocessing = 0;
		};
/* End PBXFrameworksBuildPhase section */

/* Begin PBXGroup section */
		CE3A9B1029521740009A773F = {
			isa = PBXGroup;
			children = (
				CE3A9B1B29521740009A773F /* BH Screener */,
				CE3A9B1A29521740009A773F /* Products */,
			);
			sourceTree = "<group>";
		};
		CE3A9B1A29521740009A773F /* Products */ = {
			isa = PBXGroup;
			children = (
				CE3A9B1929521740009A773F /* BH Screener.app */,
			);
			name = Products;
			sourceTree = "<group>";
		};
		CE3A9B1B29521740009A773F /* BH Screener */ = {
			isa = PBXGroup;
			children = (
				CE3A9B1C29521740009A773F /* BH_ScreenerApp.swift */,
				CE56124729703AD50074822B /* Models */,
				CE56123D2970320C0074822B /* Components */,
				CE561240297032E60074822B /* Views */,
				CE3A9B2029521742009A773F /* Assets.xcassets */,
				CE3A9B2229521742009A773F /* Preview Content */,
				CE561241297036430074822B /* Extensions.swift */,
				CE561252297046700074822B /* ScreeningManager.swift */,
			);
			path = "BH Screener";
			sourceTree = "<group>";
		};
		CE3A9B2229521742009A773F /* Preview Content */ = {
			isa = PBXGroup;
			children = (
				CE3A9B2329521742009A773F /* Preview Assets.xcassets */,
			);
			path = "Preview Content";
			sourceTree = "<group>";
		};
		CE56123D2970320C0074822B /* Components */ = {
			isa = PBXGroup;
			children = (
				CE56123E297032270074822B /* PrimaryButton.swift */,
				CE5612452970383B0074822B /* ProgressBar.swift */,
				CE56124A29703B200074822B /* AnswerRow.swift */,
			);
			path = Components;
			sourceTree = "<group>";
		};
		CE561240297032E60074822B /* Views */ = {
			isa = PBXGroup;
			children = (
				CE3A9B1E29521740009A773F /* CESDCView.swift */,
				CE561243297037360074822B /* QuestionView.swift */,
				CE56124C29703EAC0074822B /* ScreeningView.swift */,
				CE56125B2972C7580074822B /* ResultsList.swift */,
				CE56125D2972D7970074822B /* ChartView.swift */,
				CE56125F2972EAC90074822B /* ResultRowView.swift */,
				CE5612612972EEB50074822B /* DisclaimerView.swift */,
			);
			path = Views;
			sourceTree = "<group>";
		};
		CE56124729703AD50074822B /* Models */ = {
			isa = PBXGroup;
			children = (
				CE56124829703AE90074822B /* Answer.swift */,
				CE56124E29703FFF0074822B /* CESDCScreening.swift */,
				CE5612502970413C0074822B /* CESDCQuestions.swift */,
				CE5612542971F34D0074822B /* screeningContainer.xcdatamodeld */,
			);
			path = Models;
			sourceTree = "<group>";
		};
/* End PBXGroup section */

/* Begin PBXNativeTarget section */
		CE3A9B1829521740009A773F /* BH Screener */ = {
			isa = PBXNativeTarget;
			buildConfigurationList = CE3A9B2729521742009A773F /* Build configuration list for PBXNativeTarget "BH Screener" */;
			buildPhases = (
				CE3A9B1529521740009A773F /* Sources */,
				CE3A9B1629521740009A773F /* Frameworks */,
				CE3A9B1729521740009A773F /* Resources */,
			);
			buildRules = (
			);
			dependencies = (
			);
			name = "BH Screener";
			productName = "BH Screener";
			productReference = CE3A9B1929521740009A773F /* BH Screener.app */;
			productType = "com.apple.product-type.application";
		};
/* End PBXNativeTarget section */

/* Begin PBXProject section */
		CE3A9B1129521740009A773F /* Project object */ = {
			isa = PBXProject;
			attributes = {
				BuildIndependentTargetsInParallel = 1;
				LastSwiftUpdateCheck = 1410;
				LastUpgradeCheck = 1410;
				TargetAttributes = {
					CE3A9B1829521740009A773F = {
						CreatedOnToolsVersion = 14.1;
					};
				};
			};
			buildConfigurationList = CE3A9B1429521740009A773F /* Build configuration list for PBXProject "BH Screener" */;
			compatibilityVersion = "Xcode 14.0";
			developmentRegion = en;
			hasScannedForEncodings = 0;
			knownRegions = (
				en,
				Base,
			);
			mainGroup = CE3A9B1029521740009A773F;
			productRefGroup = CE3A9B1A29521740009A773F /* Products */;
			projectDirPath = "";
			projectRoot = "";
			targets = (
				CE3A9B1829521740009A773F /* BH Screener */,
			);
		};
/* End PBXProject section */

/* Begin PBXResourcesBuildPhase section */
		CE3A9B1729521740009A773F /* Resources */ = {
			isa = PBXResourcesBuildPhase;
			buildActionMask = 2147483647;
			files = (
				CE3A9B2429521742009A773F /* Preview Assets.xcassets in Resources */,
				CE3A9B2129521742009A773F /* Assets.xcassets in Resources */,
			);
			runOnlyForDeploymentPostprocessing = 0;
		};
/* End PBXResourcesBuildPhase section */

/* Begin PBXSourcesBuildPhase section */
		CE3A9B1529521740009A773F /* Sources */ = {
			isa = PBXSourcesBuildPhase;
			buildActionMask = 2147483647;
			files = (
				CE5612602972EAC90074822B /* ResultRowView.swift in Sources */,
				CE561244297037360074822B /* QuestionView.swift in Sources */,
				CE56123F297032270074822B /* PrimaryButton.swift in Sources */,
				CE56125C2972C7580074822B /* ResultsList.swift in Sources */,
				CE56124F29703FFF0074822B /* CESDCScreening.swift in Sources */,
				CE5612512970413C0074822B /* CESDCQuestions.swift in Sources */,
				CE56124B29703B200074822B /* AnswerRow.swift in Sources */,
				CE3A9B1F29521740009A773F /* CESDCView.swift in Sources */,
				CE5612562971F34D0074822B /* screeningContainer.xcdatamodeld in Sources */,
				CE56125E2972D7970074822B /* ChartView.swift in Sources */,
				CE561253297046700074822B /* ScreeningManager.swift in Sources */,
				CE56124929703AE90074822B /* Answer.swift in Sources */,
				CE56124D29703EAC0074822B /* ScreeningView.swift in Sources */,
				CE3A9B1D29521740009A773F /* BH_ScreenerApp.swift in Sources */,
				CE5612622972EEB50074822B /* DisclaimerView.swift in Sources */,
				CE5612462970383B0074822B /* ProgressBar.swift in Sources */,
				CE561242297036430074822B /* Extensions.swift in Sources */,
			);
			runOnlyForDeploymentPostprocessing = 0;
		};
/* End PBXSourcesBuildPhase section */

/* Begin XCBuildConfiguration section */
		CE3A9B2529521742009A773F /* Debug */ = {
			isa = XCBuildConfiguration;
			buildSettings = {
				ALWAYS_SEARCH_USER_PATHS = NO;
				CLANG_ANALYZER_NONNULL = YES;
				CLANG_ANALYZER_NUMBER_OBJECT_CONVERSION = YES_AGGRESSIVE;
				CLANG_CXX_LANGUAGE_STANDARD = "gnu++20";
				CLANG_ENABLE_MODULES = YES;
				CLANG_ENABLE_OBJC_ARC = YES;
				CLANG_ENABLE_OBJC_WEAK = YES;
				CLANG_WARN_BLOCK_CAPTURE_AUTORELEASING = YES;
				CLANG_WARN_BOOL_CONVERSION = YES;
				CLANG_WARN_COMMA = YES;
				CLANG_WARN_CONSTANT_CONVERSION = YES;
				CLANG_WARN_DEPRECATED_OBJC_IMPLEMENTATIONS = YES;
				CLANG_WARN_DIRECT_OBJC_ISA_USAGE = YES_ERROR;
				CLANG_WARN_DOCUMENTATION_COMMENTS = YES;
				CLANG_WARN_EMPTY_BODY = YES;
				CLANG_WARN_ENUM_CONVERSION = YES;
				CLANG_WARN_INFINITE_RECURSION = YES;
				CLANG_WARN_INT_CONVERSION = YES;
				CLANG_WARN_NON_LITERAL_NULL_CONVERSION = YES;
				CLANG_WARN_OBJC_IMPLICIT_RETAIN_SELF = YES;
				CLANG_WARN_OBJC_LITERAL_CONVERSION = YES;
				CLANG_WARN_OBJC_ROOT_CLASS = YES_ERROR;
				CLANG_WARN_QUOTED_INCLUDE_IN_FRAMEWORK_HEADER = YES;
				CLANG_WARN_RANGE_LOOP_ANALYSIS = YES;
				CLANG_WARN_STRICT_PROTOTYPES = YES;
				CLANG_WARN_SUSPICIOUS_MOVE = YES;
				CLANG_WARN_UNGUARDED_AVAILABILITY = YES_AGGRESSIVE;
				CLANG_WARN_UNREACHABLE_CODE = YES;
				CLANG_WARN__DUPLICATE_METHOD_MATCH = YES;
				COPY_PHASE_STRIP = NO;
				DEBUG_INFORMATION_FORMAT = dwarf;
				ENABLE_STRICT_OBJC_MSGSEND = YES;
				ENABLE_TESTABILITY = YES;
				GCC_C_LANGUAGE_STANDARD = gnu11;
				GCC_DYNAMIC_NO_PIC = NO;
				GCC_NO_COMMON_BLOCKS = YES;
				GCC_OPTIMIZATION_LEVEL = 0;
				GCC_PREPROCESSOR_DEFINITIONS = (
					"DEBUG=1",
					"$(inherited)",
				);
				GCC_WARN_64_TO_32_BIT_CONVERSION = YES;
				GCC_WARN_ABOUT_RETURN_TYPE = YES_ERROR;
				GCC_WARN_UNDECLARED_SELECTOR = YES;
				GCC_WARN_UNINITIALIZED_AUTOS = YES_AGGRESSIVE;
				GCC_WARN_UNUSED_FUNCTION = YES;
				GCC_WARN_UNUSED_VARIABLE = YES;
				IPHONEOS_DEPLOYMENT_TARGET = 16.1;
				MTL_ENABLE_DEBUG_INFO = INCLUDE_SOURCE;
				MTL_FAST_MATH = YES;
				ONLY_ACTIVE_ARCH = YES;
				SDKROOT = iphoneos;
				SWIFT_ACTIVE_COMPILATION_CONDITIONS = DEBUG;
				SWIFT_OPTIMIZATION_LEVEL = "-Onone";
			};
			name = Debug;
		};
		CE3A9B2629521742009A773F /* Release */ = {
			isa = XCBuildConfiguration;
			buildSettings = {
				ALWAYS_SEARCH_USER_PATHS = NO;
				CLANG_ANALYZER_NONNULL = YES;
				CLANG_ANALYZER_NUMBER_OBJECT_CONVERSION = YES_AGGRESSIVE;
				CLANG_CXX_LANGUAGE_STANDARD = "gnu++20";
				CLANG_ENABLE_MODULES = YES;
				CLANG_ENABLE_OBJC_ARC = YES;
				CLANG_ENABLE_OBJC_WEAK = YES;
				CLANG_WARN_BLOCK_CAPTURE_AUTORELEASING = YES;
				CLANG_WARN_BOOL_CONVERSION = YES;
				CLANG_WARN_COMMA = YES;
				CLANG_WARN_CONSTANT_CONVERSION = YES;
				CLANG_WARN_DEPRECATED_OBJC_IMPLEMENTATIONS = YES;
				CLANG_WARN_DIRECT_OBJC_ISA_USAGE = YES_ERROR;
				CLANG_WARN_DOCUMENTATION_COMMENTS = YES;
				CLANG_WARN_EMPTY_BODY = YES;
				CLANG_WARN_ENUM_CONVERSION = YES;
				CLANG_WARN_INFINITE_RECURSION = YES;
				CLANG_WARN_INT_CONVERSION = YES;
				CLANG_WARN_NON_LITERAL_NULL_CONVERSION = YES;
				CLANG_WARN_OBJC_IMPLICIT_RETAIN_SELF = YES;
				CLANG_WARN_OBJC_LITERAL_CONVERSION = YES;
				CLANG_WARN_OBJC_ROOT_CLASS = YES_ERROR;
				CLANG_WARN_QUOTED_INCLUDE_IN_FRAMEWORK_HEADER = YES;
				CLANG_WARN_RANGE_LOOP_ANALYSIS = YES;
				CLANG_WARN_STRICT_PROTOTYPES = YES;
				CLANG_WARN_SUSPICIOUS_MOVE = YES;
				CLANG_WARN_UNGUARDED_AVAILABILITY = YES_AGGRESSIVE;
				CLANG_WARN_UNREACHABLE_CODE = YES;
				CLANG_WARN__DUPLICATE_METHOD_MATCH = YES;
				COPY_PHASE_STRIP = NO;
				DEBUG_INFORMATION_FORMAT = "dwarf-with-dsym";
				ENABLE_NS_ASSERTIONS = NO;
				ENABLE_STRICT_OBJC_MSGSEND = YES;
				GCC_C_LANGUAGE_STANDARD = gnu11;
				GCC_NO_COMMON_BLOCKS = YES;
				GCC_WARN_64_TO_32_BIT_CONVERSION = YES;
				GCC_WARN_ABOUT_RETURN_TYPE = YES_ERROR;
				GCC_WARN_UNDECLARED_SELECTOR = YES;
				GCC_WARN_UNINITIALIZED_AUTOS = YES_AGGRESSIVE;
				GCC_WARN_UNUSED_FUNCTION = YES;
				GCC_WARN_UNUSED_VARIABLE = YES;
				IPHONEOS_DEPLOYMENT_TARGET = 16.1;
				MTL_ENABLE_DEBUG_INFO = NO;
				MTL_FAST_MATH = YES;
				SDKROOT = iphoneos;
				SWIFT_COMPILATION_MODE = wholemodule;
				SWIFT_OPTIMIZATION_LEVEL = "-O";
				VALIDATE_PRODUCT = YES;
			};
			name = Release;
		};
		CE3A9B2829521742009A773F /* Debug */ = {
			isa = XCBuildConfiguration;
			buildSettings = {
				ASSETCATALOG_COMPILER_APPICON_NAME = AppIcon;
				ASSETCATALOG_COMPILER_GLOBAL_ACCENT_COLOR_NAME = AccentColor;
				CODE_SIGN_STYLE = Automatic;
				CURRENT_PROJECT_VERSION = 1;
				DEVELOPMENT_ASSET_PATHS = "\"BH Screener/Preview Content\"";
				DEVELOPMENT_TEAM = SLB347Y94F;
				ENABLE_PREVIEWS = YES;
				GENERATE_INFOPLIST_FILE = YES;
				INFOPLIST_KEY_CFBundleDisplayName = "CES-DC Screening";
				INFOPLIST_KEY_LSApplicationCategoryType = "public.app-category.healthcare-fitness";
				INFOPLIST_KEY_UIApplicationSceneManifest_Generation = YES;
				INFOPLIST_KEY_UIApplicationSupportsIndirectInputEvents = YES;
				INFOPLIST_KEY_UILaunchScreen_Generation = YES;
				INFOPLIST_KEY_UISupportedInterfaceOrientations = UIInterfaceOrientationPortrait;
				INFOPLIST_KEY_UISupportedInterfaceOrientations_iPad = "UIInterfaceOrientationLandscapeLeft UIInterfaceOrientationLandscapeRight UIInterfaceOrientationPortrait UIInterfaceOrientationPortraitUpsideDown";
				LD_RUNPATH_SEARCH_PATHS = (
					"$(inherited)",
					"@executable_path/Frameworks",
				);
				MARKETING_VERSION = 1.0;
				PRODUCT_BUNDLE_IDENTIFIER = "info.arthurford.BH-Screener";
				PRODUCT_NAME = "$(TARGET_NAME)";
				SUPPORTED_PLATFORMS = "iphoneos iphonesimulator";
				SUPPORTS_MACCATALYST = NO;
				SUPPORTS_MAC_DESIGNED_FOR_IPHONE_IPAD = YES;
				SWIFT_EMIT_LOC_STRINGS = YES;
				SWIFT_VERSION = 5.0;
				TARGETED_DEVICE_FAMILY = 1;
			};
			name = Debug;
		};
		CE3A9B2929521742009A773F /* Release */ = {
			isa = XCBuildConfiguration;
			buildSettings = {
				ASSETCATALOG_COMPILER_APPICON_NAME = AppIcon;
				ASSETCATALOG_COMPILER_GLOBAL_ACCENT_COLOR_NAME = AccentColor;
				CODE_SIGN_STYLE = Automatic;
				CURRENT_PROJECT_VERSION = 1;
				DEVELOPMENT_ASSET_PATHS = "\"BH Screener/Preview Content\"";
				DEVELOPMENT_TEAM = SLB347Y94F;
				ENABLE_PREVIEWS = YES;
				GENERATE_INFOPLIST_FILE = YES;
				INFOPLIST_KEY_CFBundleDisplayName = "CES-DC Screening";
				INFOPLIST_KEY_LSApplicationCategoryType = "public.app-category.healthcare-fitness";
				INFOPLIST_KEY_UIApplicationSceneManifest_Generation = YES;
				INFOPLIST_KEY_UIApplicationSupportsIndirectInputEvents = YES;
				INFOPLIST_KEY_UILaunchScreen_Generation = YES;
				INFOPLIST_KEY_UISupportedInterfaceOrientations = UIInterfaceOrientationPortrait;
				INFOPLIST_KEY_UISupportedInterfaceOrientations_iPad = "UIInterfaceOrientationLandscapeLeft UIInterfaceOrientationLandscapeRight UIInterfaceOrientationPortrait UIInterfaceOrientationPortraitUpsideDown";
				LD_RUNPATH_SEARCH_PATHS = (
					"$(inherited)",
					"@executable_path/Frameworks",
				);
				MARKETING_VERSION = 1.0;
				PRODUCT_BUNDLE_IDENTIFIER = "info.arthurford.BH-Screener";
				PRODUCT_NAME = "$(TARGET_NAME)";
				SUPPORTED_PLATFORMS = "iphoneos iphonesimulator";
				SUPPORTS_MACCATALYST = NO;
				SUPPORTS_MAC_DESIGNED_FOR_IPHONE_IPAD = YES;
				SWIFT_EMIT_LOC_STRINGS = YES;
				SWIFT_VERSION = 5.0;
				TARGETED_DEVICE_FAMILY = 1;
			};
			name = Release;
		};
/* End XCBuildConfiguration section */

/* Begin XCConfigurationList section */
		CE3A9B1429521740009A773F /* Build configuration list for PBXProject "BH Screener" */ = {
			isa = XCConfigurationList;
			buildConfigurations = (
				CE3A9B2529521742009A773F /* Debug */,
				CE3A9B2629521742009A773F /* Release */,
			);
			defaultConfigurationIsVisible = 0;
			defaultConfigurationName = Release;
		};
		CE3A9B2729521742009A773F /* Build configuration list for PBXNativeTarget "BH Screener" */ = {
			isa = XCConfigurationList;
			buildConfigurations = (
				CE3A9B2829521742009A773F /* Debug */,
				CE3A9B2929521742009A773F /* Release */,
			);
			defaultConfigurationIsVisible = 0;
			defaultConfigurationName = Release;
		};
/* End XCConfigurationList section */

/* Begin XCVersionGroup section */
		CE5612542971F34D0074822B /* screeningContainer.xcdatamodeld */ = {
			isa = XCVersionGroup;
			children = (
				CE5612552971F34D0074822B /* screeningContainer.xcdatamodel */,
			);
			currentVersion = CE5612552971F34D0074822B /* screeningContainer.xcdatamodel */;
			path = screeningContainer.xcdatamodeld;
			sourceTree = "<group>";
			versionGroupType = wrapper.xcdatamodel;
		};
/* End XCVersionGroup section */
	};
	rootObject = CE3A9B1129521740009A773F /* Project object */;
}
